
Microsoft Visual Studio Solution File, Format Version 12.00
# Visual Studio Version 17
VisualStudioVersion = 17.0.31903.59
MinimumVisualStudioVersion = 10.0.40219.1
Project("{FAE04EC0-301F-11D3-BF4B-00C04F79EFBC}") = "NodoAme", "NodoAme.WPF\NodoAme.csproj", "{47881020-6E18-4F67-93B0-E274EEC659A4}"
EndProject
Project("{FAE04EC0-301F-11D3-BF4B-00C04F79EFBC}") = "NodoAme.Core", "NodoAme.Core\NodoAme.Core.csproj", "{DB5AEDAB-8ED0-429C-A86C-90DBB9A77C47}"
EndProject
Project("{FAE04EC0-301F-11D3-BF4B-00C04F79EFBC}") = "test", "test\test.csproj", "{8BDAAEAA-770A-4441-9FD2-A852DECFAD1B}"
EndProject
Global
	GlobalSection(SolutionConfigurationPlatforms) = preSolution
		Debug|Any CPU = Debug|Any CPU
		Release|Any CPU = Release|Any CPU
	EndGlobalSection
	GlobalSection(SolutionProperties) = preSolution
		HideSolutionNode = FALSE
	EndGlobalSection
	GlobalSection(ProjectConfigurationPlatforms) = postSolution
		{47881020-6E18-4F67-93B0-E274EEC659A4}.Debug|Any CPU.ActiveCfg = Debug|Any CPU
		{47881020-6E18-4F67-93B0-E274EEC659A4}.Debug|Any CPU.Build.0 = Debug|Any CPU
		{47881020-6E18-4F67-93B0-E274EEC659A4}.Release|Any CPU.ActiveCfg = Release|Any CPU
		{47881020-6E18-4F67-93B0-E274EEC659A4}.Release|Any CPU.Build.0 = Release|Any CPU
		{DB5AEDAB-8ED0-429C-A86C-90DBB9A77C47}.Debug|Any CPU.ActiveCfg = Debug|Any CPU
		{DB5AEDAB-8ED0-429C-A86C-90DBB9A77C47}.Debug|Any CPU.Build.0 = Debug|Any CPU
		{DB5AEDAB-8ED0-429C-A86C-90DBB9A77C47}.Release|Any CPU.ActiveCfg = Release|Any CPU
		{DB5AEDAB-8ED0-429C-A86C-90DBB9A77C47}.Release|Any CPU.Build.0 = Release|Any CPU
		{8BDAAEAA-770A-4441-9FD2-A852DECFAD1B}.Debug|Any CPU.ActiveCfg = Debug|Any CPU
		{8BDAAEAA-770A-4441-9FD2-A852DECFAD1B}.Debug|Any CPU.Build.0 = Debug|Any CPU
		{8BDAAEAA-770A-4441-9FD2-A852DECFAD1B}.Release|Any CPU.ActiveCfg = Release|Any CPU
		{8BDAAEAA-770A-4441-9FD2-A852DECFAD1B}.Release|Any CPU.Build.0 = Release|Any CPU
	EndGlobalSection
EndGlobal
